
Microsoft Visual Studio Solution File, Format Version 12.00
# Visual Studio 15
VisualStudioVersion = 15.0.28307.168
MinimumVisualStudioVersion = 10.0.40219.1
Project("{FAE04EC0-301F-11D3-BF4B-00C04F79EFBC}") = "HermadosEvangelicos.Android", "HermadosEvangelicos\HermadosEvangelicos.Android\HermadosEvangelicos.Android.csproj", "{CB07ADFE-6EEC-4D76-8BCA-8752572D2176}"
EndProject
Project("{FAE04EC0-301F-11D3-BF4B-00C04F79EFBC}") = "HermadosEvangelicos.iOS", "HermadosEvangelicos\HermadosEvangelicos.iOS\HermadosEvangelicos.iOS.csproj", "{B8F396E9-881C-429F-AF30-3A7B205D5BBC}"
EndProject
Project("{FAE04EC0-301F-11D3-BF4B-00C04F79EFBC}") = "HermadosEvangelicos", "HermadosEvangelicos\HermadosEvangelicos\HermadosEvangelicos.csproj", "{553B81EB-42AF-4A85-AF1B-05A41BDF2D47}"
EndProject
Global
	GlobalSection(SolutionConfigurationPlatforms) = preSolution
		Ad-Hoc|Any CPU = Ad-Hoc|Any CPU
		Ad-Hoc|iPhone = Ad-Hoc|iPhone
		Ad-Hoc|iPhoneSimulator = Ad-Hoc|iPhoneSimulator
		AppStore|Any CPU = AppStore|Any CPU
		AppStore|iPhone = AppStore|iPhone
		AppStore|iPhoneSimulator = AppStore|iPhoneSimulator
		Debug|Any CPU = Debug|Any CPU
		Debug|iPhone = Debug|iPhone
		Debug|iPhoneSimulator = Debug|iPhoneSimulator
		Release|Any CPU = Release|Any CPU
		Release|iPhone = Release|iPhone
		Release|iPhoneSimulator = Release|iPhoneSimulator
	EndGlobalSection
	GlobalSection(ProjectConfigurationPlatforms) = postSolution
		{CB07ADFE-6EEC-4D76-8BCA-8752572D2176}.Ad-Hoc|Any CPU.ActiveCfg = Release|Any CPU
		{CB07ADFE-6EEC-4D76-8BCA-8752572D2176}.Ad-Hoc|Any CPU.Build.0 = Release|Any CPU
		{CB07ADFE-6EEC-4D76-8BCA-8752572D2176}.Ad-Hoc|Any CPU.Deploy.0 = Release|Any CPU
		{CB07ADFE-6EEC-4D76-8BCA-8752572D2176}.Ad-Hoc|iPhone.ActiveCfg = Release|Any CPU
		{CB07ADFE-6EEC-4D76-8BCA-8752572D2176}.Ad-Hoc|iPhone.Build.0 = Release|Any CPU
		{CB07ADFE-6EEC-4D76-8BCA-8752572D2176}.Ad-Hoc|iPhone.Deploy.0 = Release|Any CPU
		{CB07ADFE-6EEC-4D76-8BCA-8752572D2176}.Ad-Hoc|iPhoneSimulator.ActiveCfg = Release|Any CPU
		{CB07ADFE-6EEC-4D76-8BCA-8752572D2176}.Ad-Hoc|iPhoneSimulator.Build.0 = Release|Any CPU
		{CB07ADFE-6EEC-4D76-8BCA-8752572D2176}.Ad-Hoc|iPhoneSimulator.Deploy.0 = Release|Any CPU
		{CB07ADFE-6EEC-4D76-8BCA-8752572D2176}.AppStore|Any CPU.ActiveCfg = Release|Any CPU
		{CB07ADFE-6EEC-4D76-8BCA-8752572D2176}.AppStore|Any CPU.Build.0 = Release|Any CPU
		{CB07ADFE-6EEC-4D76-8BCA-8752572D2176}.AppStore|Any CPU.Deploy.0 = Release|Any CPU
		{CB07ADFE-6EEC-4D76-8BCA-8752572D2176}.AppStore|iPhone.ActiveCfg = Release|Any CPU
		{CB07ADFE-6EEC-4D76-8BCA-8752572D2176}.AppStore|iPhone.Build.0 = Release|Any CPU
		{CB07ADFE-6EEC-4D76-8BCA-8752572D2176}.AppStore|iPhone.Deploy.0 = Release|Any CPU
		{CB07ADFE-6EEC-4D76-8BCA-8752572D2176}.AppStore|iPhoneSimulator.ActiveCfg = Release|Any CPU
		{CB07ADFE-6EEC-4D76-8BCA-8752572D2176}.AppStore|iPhoneSimulator.Build.0 = Release|Any CPU
		{CB07ADFE-6EEC-4D76-8BCA-8752572D2176}.AppStore|iPhoneSimulator.Deploy.0 = Release|Any CPU
		{CB07ADFE-6EEC-4D76-8BCA-8752572D2176}.Debug|Any CPU.ActiveCfg = Debug|Any CPU
		{CB07ADFE-6EEC-4D76-8BCA-8752572D2176}.Debug|Any CPU.Build.0 = Debug|Any CPU
		{CB07ADFE-6EEC-4D76-8BCA-8752572D2176}.Debug|Any CPU.Deploy.0 = Debug|Any CPU
		{CB07ADFE-6EEC-4D76-8BCA-8752572D2176}.Debug|iPhone.ActiveCfg = Debug|Any CPU
		{CB07ADFE-6EEC-4D76-8BCA-8752572D2176}.Debug|iPhone.Build.0 = Debug|Any CPU
		{CB07ADFE-6EEC-4D76-8BCA-8752572D2176}.Debug|iPhone.Deploy.0 = Debug|Any CPU
		{CB07ADFE-6EEC-4D76-8BCA-8752572D2176}.Debug|iPhoneSimulator.ActiveCfg = Debug|Any CPU
		{CB07ADFE-6EEC-4D76-8BCA-8752572D2176}.Debug|iPhoneSimulator.Build.0 = Debug|Any CPU
		{CB07ADFE-6EEC-4D76-8BCA-8752572D2176}.Debug|iPhoneSimulator.Deploy.0 = Debug|Any CPU
		{CB07ADFE-6EEC-4D76-8BCA-8752572D2176}.Release|Any CPU.ActiveCfg = Release|Any CPU
		{CB07ADFE-6EEC-4D76-8BCA-8752572D2176}.Release|Any CPU.Build.0 = Release|Any CPU
		{CB07ADFE-6EEC-4D76-8BCA-8752572D2176}.Release|Any CPU.Deploy.0 = Release|Any CPU
		{CB07ADFE-6EEC-4D76-8BCA-8752572D2176}.Release|iPhone.ActiveCfg = Release|Any CPU
		{CB07ADFE-6EEC-4D76-8BCA-8752572D2176}.Release|iPhone.Build.0 = Release|Any CPU
		{CB07ADFE-6EEC-4D76-8BCA-8752572D2176}.Release|iPhone.Deploy.0 = Release|Any CPU
		{CB07ADFE-6EEC-4D76-8BCA-8752572D2176}.Release|iPhoneSimulator.ActiveCfg = Release|Any CPU
		{CB07ADFE-6EEC-4D76-8BCA-8752572D2176}.Release|iPhoneSimulator.Build.0 = Release|Any CPU
		{CB07ADFE-6EEC-4D76-8BCA-8752572D2176}.Release|iPhoneSimulator.Deploy.0 = Release|Any CPU
		{B8F396E9-881C-429F-AF30-3A7B205D5BBC}.Ad-Hoc|Any CPU.ActiveCfg = Ad-Hoc|iPhone
		{B8F396E9-881C-429F-AF30-3A7B205D5BBC}.Ad-Hoc|Any CPU.Build.0 = Ad-Hoc|iPhone
		{B8F396E9-881C-429F-AF30-3A7B205D5BBC}.Ad-Hoc|Any CPU.Deploy.0 = Ad-Hoc|iPhone
		{B8F396E9-881C-429F-AF30-3A7B205D5BBC}.Ad-Hoc|iPhone.ActiveCfg = Ad-Hoc|iPhone
		{B8F396E9-881C-429F-AF30-3A7B205D5BBC}.Ad-Hoc|iPhone.Build.0 = Ad-Hoc|iPhone
		{B8F396E9-881C-429F-AF30-3A7B205D5BBC}.Ad-Hoc|iPhone.Deploy.0 = Ad-Hoc|iPhone
		{B8F396E9-881C-429F-AF30-3A7B205D5BBC}.Ad-Hoc|iPhoneSimulator.ActiveCfg = Ad-Hoc|iPhoneSimulator
		{B8F396E9-881C-429F-AF30-3A7B205D5BBC}.Ad-Hoc|iPhoneSimulator.Build.0 = Ad-Hoc|iPhoneSimulator
		{B8F396E9-881C-429F-AF30-3A7B205D5BBC}.Ad-Hoc|iPhoneSimulator.Deploy.0 = Ad-Hoc|iPhoneSimulator
		{B8F396E9-881C-429F-AF30-3A7B205D5BBC}.AppStore|Any CPU.ActiveCfg = AppStore|iPhone
		{B8F396E9-881C-429F-AF30-3A7B205D5BBC}.AppStore|Any CPU.Build.0 = AppStore|iPhone
		{B8F396E9-881C-429F-AF30-3A7B205D5BBC}.AppStore|Any CPU.Deploy.0 = AppStore|iPhone
		{B8F396E9-881C-429F-AF30-3A7B205D5BBC}.AppStore|iPhone.ActiveCfg = AppStore|iPhone
		{B8F396E9-881C-429F-AF30-3A7B205D5BBC}.AppStore|iPhone.Build.0 = AppStore|iPhone
		{B8F396E9-881C-429F-AF30-3A7B205D5BBC}.AppStore|iPhone.Deploy.0 = AppStore|iPhone
		{B8F396E9-881C-429F-AF30-3A7B205D5BBC}.AppStore|iPhoneSimulator.ActiveCfg = AppStore|iPhoneSimulator
		{B8F396E9-881C-429F-AF30-3A7B205D5BBC}.AppStore|iPhoneSimulator.Build.0 = AppStore|iPhoneSimulator
		{B8F396E9-881C-429F-AF30-3A7B205D5BBC}.AppStore|iPhoneSimulator.Deploy.0 = AppStore|iPhoneSimulator
		{B8F396E9-881C-429F-AF30-3A7B205D5BBC}.Debug|Any CPU.ActiveCfg = Debug|iPhoneSimulator
		{B8F396E9-881C-429F-AF30-3A7B205D5BBC}.Debug|Any CPU.Build.0 = Debug|iPhoneSimulator
		{B8F396E9-881C-429F-AF30-3A7B205D5BBC}.Debug|Any CPU.Deploy.0 = Debug|iPhoneSimulator
		{B8F396E9-881C-429F-AF30-3A7B205D5BBC}.Debug|iPhone.ActiveCfg = Debug|iPhone
		{B8F396E9-881C-429F-AF30-3A7B205D5BBC}.Debug|iPhone.Build.0 = Debug|iPhone
		{B8F396E9-881C-429F-AF30-3A7B205D5BBC}.Debug|iPhone.Deploy.0 = Debug|iPhone
		{B8F396E9-881C-429F-AF30-3A7B205D5BBC}.Debug|iPhoneSimulator.ActiveCfg = Debug|iPhoneSimulator
		{B8F396E9-881C-429F-AF30-3A7B205D5BBC}.Debug|iPhoneSimulator.Build.0 = Debug|iPhoneSimulator
		{B8F396E9-881C-429F-AF30-3A7B205D5BBC}.Debug|iPhoneSimulator.Deploy.0 = Debug|iPhoneSimulator
		{B8F396E9-881C-429F-AF30-3A7B205D5BBC}.Release|Any CPU.ActiveCfg = Release|iPhone
		{B8F396E9-881C-429F-AF30-3A7B205D5BBC}.Release|Any CPU.Build.0 = Release|iPhone
		{B8F396E9-881C-429F-AF30-3A7B205D5BBC}.Release|Any CPU.Deploy.0 = Release|iPhone
		{B8F396E9-881C-429F-AF30-3A7B205D5BBC}.Release|iPhone.ActiveCfg = Release|iPhone
		{B8F396E9-881C-429F-AF30-3A7B205D5BBC}.Release|iPhone.Build.0 = Release|iPhone
		{B8F396E9-881C-429F-AF30-3A7B205D5BBC}.Release|iPhone.Deploy.0 = Release|iPhone
		{B8F396E9-881C-429F-AF30-3A7B205D5BBC}.Release|iPhoneSimulator.ActiveCfg = Release|iPhoneSimulator
		{B8F396E9-881C-429F-AF30-3A7B205D5BBC}.Release|iPhoneSimulator.Build.0 = Release|iPhoneSimulator
		{B8F396E9-881C-429F-AF30-3A7B205D5BBC}.Release|iPhoneSimulator.Deploy.0 = Release|iPhoneSimulator
		{553B81EB-42AF-4A85-AF1B-05A41BDF2D47}.Ad-Hoc|Any CPU.ActiveCfg = Debug|Any CPU
		{553B81EB-42AF-4A85-AF1B-05A41BDF2D47}.Ad-Hoc|Any CPU.Build.0 = Debug|Any CPU
		{553B81EB-42AF-4A85-AF1B-05A41BDF2D47}.Ad-Hoc|Any CPU.Deploy.0 = Debug|Any CPU
		{553B81EB-42AF-4A85-AF1B-05A41BDF2D47}.Ad-Hoc|iPhone.ActiveCfg = Debug|Any CPU
		{553B81EB-42AF-4A85-AF1B-05A41BDF2D47}.Ad-Hoc|iPhone.Build.0 = Debug|Any CPU
		{553B81EB-42AF-4A85-AF1B-05A41BDF2D47}.Ad-Hoc|iPhone.Deploy.0 = Debug|Any CPU
		{553B81EB-42AF-4A85-AF1B-05A41BDF2D47}.Ad-Hoc|iPhoneSimulator.ActiveCfg = Debug|Any CPU
		{553B81EB-42AF-4A85-AF1B-05A41BDF2D47}.Ad-Hoc|iPhoneSimulator.Build.0 = Debug|Any CPU
		{553B81EB-42AF-4A85-AF1B-05A41BDF2D47}.Ad-Hoc|iPhoneSimulator.Deploy.0 = Debug|Any CPU
		{553B81EB-42AF-4A85-AF1B-05A41BDF2D47}.AppStore|Any CPU.ActiveCfg = Debug|Any CPU
		{553B81EB-42AF-4A85-AF1B-05A41BDF2D47}.AppStore|Any CPU.Build.0 = Debug|Any CPU
		{553B81EB-42AF-4A85-AF1B-05A41BDF2D47}.AppStore|Any CPU.Deploy.0 = Debug|Any CPU
		{553B81EB-42AF-4A85-AF1B-05A41BDF2D47}.AppStore|iPhone.ActiveCfg = Debug|Any CPU
		{553B81EB-42AF-4A85-AF1B-05A41BDF2D47}.AppStore|iPhone.Build.0 = Debug|Any CPU
		{553B81EB-42AF-4A85-AF1B-05A41BDF2D47}.AppStore|iPhone.Deploy.0 = Debug|Any CPU
		{553B81EB-42AF-4A85-AF1B-05A41BDF2D47}.AppStore|iPhoneSimulator.ActiveCfg = Debug|Any CPU
		{553B81EB-42AF-4A85-AF1B-05A41BDF2D47}.AppStore|iPhoneSimulator.Build.0 = Debug|Any CPU
		{553B81EB-42AF-4A85-AF1B-05A41BDF2D47}.AppStore|iPhoneSimulator.Deploy.0 = Debug|Any CPU
		{553B81EB-42AF-4A85-AF1B-05A41BDF2D47}.Debug|Any CPU.ActiveCfg = Debug|Any CPU
		{553B81EB-42AF-4A85-AF1B-05A41BDF2D47}.Debug|Any CPU.Build.0 = Debug|Any CPU
		{553B81EB-42AF-4A85-AF1B-05A41BDF2D47}.Debug|Any CPU.Deploy.0 = Debug|Any CPU
		{553B81EB-42AF-4A85-AF1B-05A41BDF2D47}.Debug|iPhone.ActiveCfg = Debug|Any CPU
		{553B81EB-42AF-4A85-AF1B-05A41BDF2D47}.Debug|iPhone.Build.0 = Debug|Any CPU
		{553B81EB-42AF-4A85-AF1B-05A41BDF2D47}.Debug|iPhone.Deploy.0 = Debug|Any CPU
		{553B81EB-42AF-4A85-AF1B-05A41BDF2D47}.Debug|iPhoneSimulator.ActiveCfg = Debug|Any CPU
		{553B81EB-42AF-4A85-AF1B-05A41BDF2D47}.Debug|iPhoneSimulator.Build.0 = Debug|Any CPU
		{553B81EB-42AF-4A85-AF1B-05A41BDF2D47}.Debug|iPhoneSimulator.Deploy.0 = Debug|Any CPU
		{553B81EB-42AF-4A85-AF1B-05A41BDF2D47}.Release|Any CPU.ActiveCfg = Release|Any CPU
		{553B81EB-42AF-4A85-AF1B-05A41BDF2D47}.Release|Any CPU.Build.0 = Release|Any CPU
		{553B81EB-42AF-4A85-AF1B-05A41BDF2D47}.Release|Any CPU.Deploy.0 = Release|Any CPU
		{553B81EB-42AF-4A85-AF1B-05A41BDF2D47}.Release|iPhone.ActiveCfg = Release|Any CPU
		{553B81EB-42AF-4A85-AF1B-05A41BDF2D47}.Release|iPhone.Build.0 = Release|Any CPU
		{553B81EB-42AF-4A85-AF1B-05A41BDF2D47}.Release|iPhone.Deploy.0 = Release|Any CPU
		{553B81EB-42AF-4A85-AF1B-05A41BDF2D47}.Release|iPhoneSimulator.ActiveCfg = Release|Any CPU
		{553B81EB-42AF-4A85-AF1B-05A41BDF2D47}.Release|iPhoneSimulator.Build.0 = Release|Any CPU
		{553B81EB-42AF-4A85-AF1B-05A41BDF2D47}.Release|iPhoneSimulator.Deploy.0 = Release|Any CPU
	EndGlobalSection
	GlobalSection(SolutionProperties) = preSolution
		HideSolutionNode = FALSE
	EndGlobalSection
	GlobalSection(ExtensibilityGlobals) = postSolution
		SolutionGuid = {838D7B28-8AF6-49CD-9C45-A8E62D28621B}
	EndGlobalSection
EndGlobal
